
Microsoft Visual Studio Solution File, Format Version 12.00
# Visual Studio 15
VisualStudioVersion = 15.0.27130.2036
MinimumVisualStudioVersion = 10.0.40219.1
Project("{FAE04EC0-301F-11D3-BF4B-00C04F79EFBC}") = "StoreProductService", "StoreProductService\StoreProductService.csproj", "{9D4B8F4E-2467-4845-9276-254F9B2C55AF}"
EndProject
Project("{FAE04EC0-301F-11D3-BF4B-00C04F79EFBC}") = "Product", "Product\Product.csproj", "{DC3B27E7-09BF-452B-A7FF-976B4CDC2687}"
EndProject
Project("{FAE04EC0-301F-11D3-BF4B-00C04F79EFBC}") = "Server", "Server\Server.csproj", "{97DBD6E4-92E9-44B4-B3B2-0D61C368AC08}"
EndProject
Project("{FAE04EC0-301F-11D3-BF4B-00C04F79EFBC}") = "Client", "Client\Client.csproj", "{8A0E5E2C-CF70-472D-8A37-66D23DDF3111}"
EndProject
Global
	GlobalSection(SolutionConfigurationPlatforms) = preSolution
		Debug|Any CPU = Debug|Any CPU
		Release|Any CPU = Release|Any CPU
	EndGlobalSection
	GlobalSection(ProjectConfigurationPlatforms) = postSolution
		{9D4B8F4E-2467-4845-9276-254F9B2C55AF}.Debug|Any CPU.ActiveCfg = Debug|Any CPU
		{9D4B8F4E-2467-4845-9276-254F9B2C55AF}.Debug|Any CPU.Build.0 = Debug|Any CPU
		{9D4B8F4E-2467-4845-9276-254F9B2C55AF}.Release|Any CPU.ActiveCfg = Release|Any CPU
		{9D4B8F4E-2467-4845-9276-254F9B2C55AF}.Release|Any CPU.Build.0 = Release|Any CPU
		{DC3B27E7-09BF-452B-A7FF-976B4CDC2687}.Debug|Any CPU.ActiveCfg = Debug|Any CPU
		{DC3B27E7-09BF-452B-A7FF-976B4CDC2687}.Debug|Any CPU.Build.0 = Debug|Any CPU
		{DC3B27E7-09BF-452B-A7FF-976B4CDC2687}.Release|Any CPU.ActiveCfg = Release|Any CPU
		{DC3B27E7-09BF-452B-A7FF-976B4CDC2687}.Release|Any CPU.Build.0 = Release|Any CPU
		{97DBD6E4-92E9-44B4-B3B2-0D61C368AC08}.Debug|Any CPU.ActiveCfg = Debug|Any CPU
		{97DBD6E4-92E9-44B4-B3B2-0D61C368AC08}.Debug|Any CPU.Build.0 = Debug|Any CPU
		{97DBD6E4-92E9-44B4-B3B2-0D61C368AC08}.Release|Any CPU.ActiveCfg = Release|Any CPU
		{97DBD6E4-92E9-44B4-B3B2-0D61C368AC08}.Release|Any CPU.Build.0 = Release|Any CPU
		{8A0E5E2C-CF70-472D-8A37-66D23DDF3111}.Debug|Any CPU.ActiveCfg = Debug|Any CPU
		{8A0E5E2C-CF70-472D-8A37-66D23DDF3111}.Debug|Any CPU.Build.0 = Debug|Any CPU
		{8A0E5E2C-CF70-472D-8A37-66D23DDF3111}.Release|Any CPU.ActiveCfg = Release|Any CPU
		{8A0E5E2C-CF70-472D-8A37-66D23DDF3111}.Release|Any CPU.Build.0 = Release|Any CPU
	EndGlobalSection
	GlobalSection(SolutionProperties) = preSolution
		HideSolutionNode = FALSE
	EndGlobalSection
	GlobalSection(ExtensibilityGlobals) = postSolution
		SolutionGuid = {1B6CDF78-DA30-4648-B8A5-39AF6F7BE695}
	EndGlobalSection
EndGlobal
